// !$*UTF8*$!
{
	archiveVersion = 1;
	classes = {
	};
	objectVersion = 50;
	objects = {

/* Begin PBXBuildFile section */
		621E3FFA2311428F00CA34A9 /* AppDelegate.swift in Sources */ = {isa = PBXBuildFile; fileRef = 621E3FF92311428F00CA34A9 /* AppDelegate.swift */; };
		621E3FFC2311428F00CA34A9 /* HomeViewController.swift in Sources */ = {isa = PBXBuildFile; fileRef = 621E3FFB2311428F00CA34A9 /* HomeViewController.swift */; };
		621E3FFF2311428F00CA34A9 /* Home.storyboard in Resources */ = {isa = PBXBuildFile; fileRef = 621E3FFD2311428F00CA34A9 /* Home.storyboard */; };
		621E40022311428F00CA34A9 /* EventManagerApp.xcdatamodeld in Sources */ = {isa = PBXBuildFile; fileRef = 621E40002311428F00CA34A9 /* EventManagerApp.xcdatamodeld */; };
		621E40042311429100CA34A9 /* Assets.xcassets in Resources */ = {isa = PBXBuildFile; fileRef = 621E40032311429100CA34A9 /* Assets.xcassets */; };
		621E40072311429100CA34A9 /* LaunchScreen.storyboard in Resources */ = {isa = PBXBuildFile; fileRef = 621E40052311429100CA34A9 /* LaunchScreen.storyboard */; };
		621E400F2311487800CA34A9 /* EventCreation.storyboard in Resources */ = {isa = PBXBuildFile; fileRef = 621E400E2311487800CA34A9 /* EventCreation.storyboard */; };
		621E40112311489C00CA34A9 /* EventCreationViewController.swift in Sources */ = {isa = PBXBuildFile; fileRef = 621E40102311489C00CA34A9 /* EventCreationViewController.swift */; };
		621E4014231149A800CA34A9 /* StoryboardUtils.swift in Sources */ = {isa = PBXBuildFile; fileRef = 621E4013231149A800CA34A9 /* StoryboardUtils.swift */; };
		621E401623115C6D00CA34A9 /* DetailViewController.swift in Sources */ = {isa = PBXBuildFile; fileRef = 621E401523115C6D00CA34A9 /* DetailViewController.swift */; };
		621E401823115C9500CA34A9 /* Detail.storyboard in Resources */ = {isa = PBXBuildFile; fileRef = 621E401723115C9500CA34A9 /* Detail.storyboard */; };
/* End PBXBuildFile section */

/* Begin PBXFileReference section */
		621E3FF62311428F00CA34A9 /* EventManagerApp.app */ = {isa = PBXFileReference; explicitFileType = wrapper.application; includeInIndex = 0; path = EventManagerApp.app; sourceTree = BUILT_PRODUCTS_DIR; };
		621E3FF92311428F00CA34A9 /* AppDelegate.swift */ = {isa = PBXFileReference; lastKnownFileType = sourcecode.swift; path = AppDelegate.swift; sourceTree = "<group>"; };
		621E3FFB2311428F00CA34A9 /* HomeViewController.swift */ = {isa = PBXFileReference; lastKnownFileType = sourcecode.swift; path = HomeViewController.swift; sourceTree = "<group>"; };
		621E3FFE2311428F00CA34A9 /* Base */ = {isa = PBXFileReference; lastKnownFileType = file.storyboard; name = Base; path = Base.lproj/Home.storyboard; sourceTree = "<group>"; };
		621E40012311428F00CA34A9 /* EventManagerApp.xcdatamodel */ = {isa = PBXFileReference; lastKnownFileType = wrapper.xcdatamodel; path = EventManagerApp.xcdatamodel; sourceTree = "<group>"; };
		621E40032311429100CA34A9 /* Assets.xcassets */ = {isa = PBXFileReference; lastKnownFileType = folder.assetcatalog; path = Assets.xcassets; sourceTree = "<group>"; };
		621E40062311429100CA34A9 /* Base */ = {isa = PBXFileReference; lastKnownFileType = file.storyboard; name = Base; path = Base.lproj/LaunchScreen.storyboard; sourceTree = "<group>"; };
		621E40082311429100CA34A9 /* Info.plist */ = {isa = PBXFileReference; lastKnownFileType = text.plist.xml; path = Info.plist; sourceTree = "<group>"; };
		621E400E2311487800CA34A9 /* EventCreation.storyboard */ = {isa = PBXFileReference; lastKnownFileType = file.storyboard; path = EventCreation.storyboard; sourceTree = "<group>"; };
		621E40102311489C00CA34A9 /* EventCreationViewController.swift */ = {isa = PBXFileReference; lastKnownFileType = sourcecode.swift; path = EventCreationViewController.swift; sourceTree = "<group>"; };
		621E4013231149A800CA34A9 /* StoryboardUtils.swift */ = {isa = PBXFileReference; lastKnownFileType = sourcecode.swift; path = StoryboardUtils.swift; sourceTree = "<group>"; };
		621E401523115C6D00CA34A9 /* DetailViewController.swift */ = {isa = PBXFileReference; lastKnownFileType = sourcecode.swift; path = DetailViewController.swift; sourceTree = "<group>"; };
		621E401723115C9500CA34A9 /* Detail.storyboard */ = {isa = PBXFileReference; lastKnownFileType = file.storyboard; path = Detail.storyboard; sourceTree = "<group>"; };
/* End PBXFileReference section */

/* Begin PBXFrameworksBuildPhase section */
		621E3FF32311428F00CA34A9 /* Frameworks */ = {
			isa = PBXFrameworksBuildPhase;
			buildActionMask = 2147483647;
			files = (
			);
			runOnlyForDeploymentPostprocessing = 0;
		};
/* End PBXFrameworksBuildPhase section */

/* Begin PBXGroup section */
		621E3FED2311428F00CA34A9 = {
			isa = PBXGroup;
			children = (
				621E3FF82311428F00CA34A9 /* EventManagerApp */,
				621E3FF72311428F00CA34A9 /* Products */,
			);
			sourceTree = "<group>";
		};
		621E3FF72311428F00CA34A9 /* Products */ = {
			isa = PBXGroup;
			children = (
				621E3FF62311428F00CA34A9 /* EventManagerApp.app */,
			);
			name = Products;
			sourceTree = "<group>";
		};
		621E3FF82311428F00CA34A9 /* EventManagerApp */ = {
			isa = PBXGroup;
			children = (
				621E3FF92311428F00CA34A9 /* AppDelegate.swift */,
				621E401A231162D000CA34A9 /* ViewControllers */,
				621E4019231162C400CA34A9 /* Storyboards */,
				621E40122311495300CA34A9 /* Utils */,
				621E40032311429100CA34A9 /* Assets.xcassets */,
				621E40082311429100CA34A9 /* Info.plist */,
				621E40002311428F00CA34A9 /* EventManagerApp.xcdatamodeld */,
			);
			path = EventManagerApp;
			sourceTree = "<group>";
		};
		621E40122311495300CA34A9 /* Utils */ = {
			isa = PBXGroup;
			children = (
				621E4013231149A800CA34A9 /* StoryboardUtils.swift */,
			);
			path = Utils;
			sourceTree = "<group>";
		};
		621E4019231162C400CA34A9 /* Storyboards */ = {
			isa = PBXGroup;
			children = (
				621E3FFD2311428F00CA34A9 /* Home.storyboard */,
				621E400E2311487800CA34A9 /* EventCreation.storyboard */,
				621E401723115C9500CA34A9 /* Detail.storyboard */,
				621E40052311429100CA34A9 /* LaunchScreen.storyboard */,
			);
			path = Storyboards;
			sourceTree = "<group>";
		};
		621E401A231162D000CA34A9 /* ViewControllers */ = {
			isa = PBXGroup;
			children = (
				621E3FFB2311428F00CA34A9 /* HomeViewController.swift */,
				621E40102311489C00CA34A9 /* EventCreationViewController.swift */,
				621E401523115C6D00CA34A9 /* DetailViewController.swift */,
			);
			path = ViewControllers;
			sourceTree = "<group>";
		};
/* End PBXGroup section */

/* Begin PBXNativeTarget section */
		621E3FF52311428F00CA34A9 /* EventManagerApp */ = {
			isa = PBXNativeTarget;
			buildConfigurationList = 621E400B2311429100CA34A9 /* Build configuration list for PBXNativeTarget "EventManagerApp" */;
			buildPhases = (
				621E3FF22311428F00CA34A9 /* Sources */,
				621E3FF32311428F00CA34A9 /* Frameworks */,
				621E3FF42311428F00CA34A9 /* Resources */,
			);
			buildRules = (
			);
			dependencies = (
			);
			name = EventManagerApp;
			productName = EventManagerApp;
			productReference = 621E3FF62311428F00CA34A9 /* EventManagerApp.app */;
			productType = "com.apple.product-type.application";
		};
/* End PBXNativeTarget section */

/* Begin PBXProject section */
		621E3FEE2311428F00CA34A9 /* Project object */ = {
			isa = PBXProject;
			attributes = {
				LastSwiftUpdateCheck = 1030;
				LastUpgradeCheck = 1030;
				ORGANIZATIONNAME = holiverleite;
				TargetAttributes = {
					621E3FF52311428F00CA34A9 = {
						CreatedOnToolsVersion = 10.3;
					};
				};
			};
			buildConfigurationList = 621E3FF12311428F00CA34A9 /* Build configuration list for PBXProject "EventManagerApp" */;
			compatibilityVersion = "Xcode 9.3";
			developmentRegion = en;
			hasScannedForEncodings = 0;
			knownRegions = (
				en,
				Base,
			);
			mainGroup = 621E3FED2311428F00CA34A9;
			productRefGroup = 621E3FF72311428F00CA34A9 /* Products */;
			projectDirPath = "";
			projectRoot = "";
			targets = (
				621E3FF52311428F00CA34A9 /* EventManagerApp */,
			);
		};
/* End PBXProject section */

/* Begin PBXResourcesBuildPhase section */
		621E3FF42311428F00CA34A9 /* Resources */ = {
			isa = PBXResourcesBuildPhase;
			buildActionMask = 2147483647;
			files = (
				621E40072311429100CA34A9 /* LaunchScreen.storyboard in Resources */,
				621E40042311429100CA34A9 /* Assets.xcassets in Resources */,
				621E400F2311487800CA34A9 /* EventCreation.storyboard in Resources */,
				621E401823115C9500CA34A9 /* Detail.storyboard in Resources */,
				621E3FFF2311428F00CA34A9 /* Home.storyboard in Resources */,
			);
			runOnlyForDeploymentPostprocessing = 0;
		};
/* End PBXResourcesBuildPhase section */

/* Begin PBXSourcesBuildPhase section */
		621E3FF22311428F00CA34A9 /* Sources */ = {
			isa = PBXSourcesBuildPhase;
			buildActionMask = 2147483647;
			files = (
				621E40022311428F00CA34A9 /* EventManagerApp.xcdatamodeld in Sources */,
				621E4014231149A800CA34A9 /* StoryboardUtils.swift in Sources */,
				621E3FFC2311428F00CA34A9 /* HomeViewController.swift in Sources */,
				621E401623115C6D00CA34A9 /* DetailViewController.swift in Sources */,
				621E40112311489C00CA34A9 /* EventCreationViewController.swift in Sources */,
				621E3FFA2311428F00CA34A9 /* AppDelegate.swift in Sources */,
			);
			runOnlyForDeploymentPostprocessing = 0;
		};
/* End PBXSourcesBuildPhase section */

/* Begin PBXVariantGroup section */
		621E3FFD2311428F00CA34A9 /* Home.storyboard */ = {
			isa = PBXVariantGroup;
			children = (
				621E3FFE2311428F00CA34A9 /* Base */,
			);
			name = Home.storyboard;
			sourceTree = "<group>";
		};
		621E40052311429100CA34A9 /* LaunchScreen.storyboard */ = {
			isa = PBXVariantGroup;
			children = (
				621E40062311429100CA34A9 /* Base */,
			);
			name = LaunchScreen.storyboard;
			sourceTree = "<group>";
		};
/* End PBXVariantGroup section */

/* Begin XCBuildConfiguration section */
		621E40092311429100CA34A9 /* Debug */ = {
			isa = XCBuildConfiguration;
			buildSettings = {
				ALWAYS_SEARCH_USER_PATHS = NO;
				CLANG_ANALYZER_NONNULL = YES;
				CLANG_ANALYZER_NUMBER_OBJECT_CONVERSION = YES_AGGRESSIVE;
				CLANG_CXX_LANGUAGE_STANDARD = "gnu++14";
				CLANG_CXX_LIBRARY = "libc++";
				CLANG_ENABLE_MODULES = YES;
				CLANG_ENABLE_OBJC_ARC = YES;
				CLANG_ENABLE_OBJC_WEAK = YES;
				CLANG_WARN_BLOCK_CAPTURE_AUTORELEASING = YES;
				CLANG_WARN_BOOL_CONVERSION = YES;
				CLANG_WARN_COMMA = YES;
				CLANG_WARN_CONSTANT_CONVERSION = YES;
				CLANG_WARN_DEPRECATED_OBJC_IMPLEMENTATIONS = YES;
				CLANG_WARN_DIRECT_OBJC_ISA_USAGE = YES_ERROR;
				CLANG_WARN_DOCUMENTATION_COMMENTS = YES;
				CLANG_WARN_EMPTY_BODY = YES;
				CLANG_WARN_ENUM_CONVERSION = YES;
				CLANG_WARN_INFINITE_RECURSION = YES;
				CLANG_WARN_INT_CONVERSION = YES;
				CLANG_WARN_NON_LITERAL_NULL_CONVERSION = YES;
				CLANG_WARN_OBJC_IMPLICIT_RETAIN_SELF = YES;
				CLANG_WARN_OBJC_LITERAL_CONVERSION = YES;
				CLANG_WARN_OBJC_ROOT_CLASS = YES_ERROR;
				CLANG_WARN_RANGE_LOOP_ANALYSIS = YES;
				CLANG_WARN_STRICT_PROTOTYPES = YES;
				CLANG_WARN_SUSPICIOUS_MOVE = YES;
				CLANG_WARN_UNGUARDED_AVAILABILITY = YES_AGGRESSIVE;
				CLANG_WARN_UNREACHABLE_CODE = YES;
				CLANG_WARN__DUPLICATE_METHOD_MATCH = YES;
				CODE_SIGN_IDENTITY = "iPhone Developer";
				COPY_PHASE_STRIP = NO;
				DEBUG_INFORMATION_FORMAT = dwarf;
				ENABLE_STRICT_OBJC_MSGSEND = YES;
				ENABLE_TESTABILITY = YES;
				GCC_C_LANGUAGE_STANDARD = gnu11;
				GCC_DYNAMIC_NO_PIC = NO;
				GCC_NO_COMMON_BLOCKS = YES;
				GCC_OPTIMIZATION_LEVEL = 0;
				GCC_PREPROCESSOR_DEFINITIONS = (
					"DEBUG=1",
					"$(inherited)",
				);
				GCC_WARN_64_TO_32_BIT_CONVERSION = YES;
				GCC_WARN_ABOUT_RETURN_TYPE = YES_ERROR;
				GCC_WARN_UNDECLARED_SELECTOR = YES;
				GCC_WARN_UNINITIALIZED_AUTOS = YES_AGGRESSIVE;
				GCC_WARN_UNUSED_FUNCTION = YES;
				GCC_WARN_UNUSED_VARIABLE = YES;
				IPHONEOS_DEPLOYMENT_TARGET = 12.4;
				MTL_ENABLE_DEBUG_INFO = INCLUDE_SOURCE;
				MTL_FAST_MATH = YES;
				ONLY_ACTIVE_ARCH = YES;
				SDKROOT = iphoneos;
				SWIFT_ACTIVE_COMPILATION_CONDITIONS = DEBUG;
				SWIFT_OPTIMIZATION_LEVEL = "-Onone";
			};
			name = Debug;
		};
		621E400A2311429100CA34A9 /* Release */ = {
			isa = XCBuildConfiguration;
			buildSettings = {
				ALWAYS_SEARCH_USER_PATHS = NO;
				CLANG_ANALYZER_NONNULL = YES;
				CLANG_ANALYZER_NUMBER_OBJECT_CONVERSION = YES_AGGRESSIVE;
				CLANG_CXX_LANGUAGE_STANDARD = "gnu++14";
				CLANG_CXX_LIBRARY = "libc++";
				CLANG_ENABLE_MODULES = YES;
				CLANG_ENABLE_OBJC_ARC = YES;
				CLANG_ENABLE_OBJC_WEAK = YES;
				CLANG_WARN_BLOCK_CAPTURE_AUTORELEASING = YES;
				CLANG_WARN_BOOL_CONVERSION = YES;
				CLANG_WARN_COMMA = YES;
				CLANG_WARN_CONSTANT_CONVERSION = YES;
				CLANG_WARN_DEPRECATED_OBJC_IMPLEMENTATIONS = YES;
				CLANG_WARN_DIRECT_OBJC_ISA_USAGE = YES_ERROR;
				CLANG_WARN_DOCUMENTATION_COMMENTS = YES;
				CLANG_WARN_EMPTY_BODY = YES;
				CLANG_WARN_ENUM_CONVERSION = YES;
				CLANG_WARN_INFINITE_RECURSION = YES;
				CLANG_WARN_INT_CONVERSION = YES;
				CLANG_WARN_NON_LITERAL_NULL_CONVERSION = YES;
				CLANG_WARN_OBJC_IMPLICIT_RETAIN_SELF = YES;
				CLANG_WARN_OBJC_LITERAL_CONVERSION = YES;
				CLANG_WARN_OBJC_ROOT_CLASS = YES_ERROR;
				CLANG_WARN_RANGE_LOOP_ANALYSIS = YES;
				CLANG_WARN_STRICT_PROTOTYPES = YES;
				CLANG_WARN_SUSPICIOUS_MOVE = YES;
				CLANG_WARN_UNGUARDED_AVAILABILITY = YES_AGGRESSIVE;
				CLANG_WARN_UNREACHABLE_CODE = YES;
				CLANG_WARN__DUPLICATE_METHOD_MATCH = YES;
				CODE_SIGN_IDENTITY = "iPhone Developer";
				COPY_PHASE_STRIP = NO;
				DEBUG_INFORMATION_FORMAT = "dwarf-with-dsym";
				ENABLE_NS_ASSERTIONS = NO;
				ENABLE_STRICT_OBJC_MSGSEND = YES;
				GCC_C_LANGUAGE_STANDARD = gnu11;
				GCC_NO_COMMON_BLOCKS = YES;
				GCC_WARN_64_TO_32_BIT_CONVERSION = YES;
				GCC_WARN_ABOUT_RETURN_TYPE = YES_ERROR;
				GCC_WARN_UNDECLARED_SELECTOR = YES;
				GCC_WARN_UNINITIALIZED_AUTOS = YES_AGGRESSIVE;
				GCC_WARN_UNUSED_FUNCTION = YES;
				GCC_WARN_UNUSED_VARIABLE = YES;
				IPHONEOS_DEPLOYMENT_TARGET = 12.4;
				MTL_ENABLE_DEBUG_INFO = NO;
				MTL_FAST_MATH = YES;
				SDKROOT = iphoneos;
				SWIFT_COMPILATION_MODE = wholemodule;
				SWIFT_OPTIMIZATION_LEVEL = "-O";
				VALIDATE_PRODUCT = YES;
			};
			name = Release;
		};
		621E400C2311429100CA34A9 /* Debug */ = {
			isa = XCBuildConfiguration;
			buildSettings = {
				ASSETCATALOG_COMPILER_APPICON_NAME = AppIcon;
				CODE_SIGN_STYLE = Automatic;
				DEVELOPMENT_TEAM = 397H5GMTQJ;
				INFOPLIST_FILE = EventManagerApp/Info.plist;
				LD_RUNPATH_SEARCH_PATHS = (
					"$(inherited)",
					"@executable_path/Frameworks",
				);
				PRODUCT_BUNDLE_IDENTIFIER = holiverleite.EventManagerApp;
				PRODUCT_NAME = "$(TARGET_NAME)";
				SWIFT_VERSION = 5.0;
				TARGETED_DEVICE_FAMILY = "1,2";
			};
			name = Debug;
		};
		621E400D2311429100CA34A9 /* Release */ = {
			isa = XCBuildConfiguration;
			buildSettings = {
				ASSETCATALOG_COMPILER_APPICON_NAME = AppIcon;
				CODE_SIGN_STYLE = Automatic;
				DEVELOPMENT_TEAM = 397H5GMTQJ;
				INFOPLIST_FILE = EventManagerApp/Info.plist;
				LD_RUNPATH_SEARCH_PATHS = (
					"$(inherited)",
					"@executable_path/Frameworks",
				);
				PRODUCT_BUNDLE_IDENTIFIER = holiverleite.EventManagerApp;
				PRODUCT_NAME = "$(TARGET_NAME)";
				SWIFT_VERSION = 5.0;
				TARGETED_DEVICE_FAMILY = "1,2";
			};
			name = Release;
		};
/* End XCBuildConfiguration section */

/* Begin XCConfigurationList section */
		621E3FF12311428F00CA34A9 /* Build configuration list for PBXProject "EventManagerApp" */ = {
			isa = XCConfigurationList;
			buildConfigurations = (
				621E40092311429100CA34A9 /* Debug */,
				621E400A2311429100CA34A9 /* Release */,
			);
			defaultConfigurationIsVisible = 0;
			defaultConfigurationName = Release;
		};
		621E400B2311429100CA34A9 /* Build configuration list for PBXNativeTarget "EventManagerApp" */ = {
			isa = XCConfigurationList;
			buildConfigurations = (
				621E400C2311429100CA34A9 /* Debug */,
				621E400D2311429100CA34A9 /* Release */,
			);
			defaultConfigurationIsVisible = 0;
			defaultConfigurationName = Release;
		};
/* End XCConfigurationList section */

/* Begin XCVersionGroup section */
		621E40002311428F00CA34A9 /* EventManagerApp.xcdatamodeld */ = {
			isa = XCVersionGroup;
			children = (
				621E40012311428F00CA34A9 /* EventManagerApp.xcdatamodel */,
			);
			currentVersion = 621E40012311428F00CA34A9 /* EventManagerApp.xcdatamodel */;
			path = EventManagerApp.xcdatamodeld;
			sourceTree = "<group>";
			versionGroupType = wrapper.xcdatamodel;
		};
/* End XCVersionGroup section */
	};
	rootObject = 621E3FEE2311428F00CA34A9 /* Project object */;
}
